
Microsoft Visual Studio Solution File, Format Version 12.00
# Visual Studio 2012
Project("{FAE04EC0-301F-11D3-BF4B-00C04F79EFBC}") = "HistoriCrawl.Droid", "HistoriCrawl.Droid\HistoriCrawl.Droid.csproj", "{97A4B098-EA10-4FB3-912E-C4B31AEAB650}"
EndProject
Project("{FAE04EC0-301F-11D3-BF4B-00C04F79EFBC}") = "HistoriCrawl.Portable", "HistoriCrawl.Portable\HistoriCrawl.Portable.csproj", "{A8F16AF1-A9E7-46EC-B124-69E52AF8952E}"
EndProject
Global
	GlobalSection(SolutionConfigurationPlatforms) = preSolution
		Debug|Any CPU = Debug|Any CPU
		Release|Any CPU = Release|Any CPU
	EndGlobalSection
	GlobalSection(ProjectConfigurationPlatforms) = postSolution
		{97A4B098-EA10-4FB3-912E-C4B31AEAB650}.Debug|Any CPU.ActiveCfg = Debug|Any CPU
		{97A4B098-EA10-4FB3-912E-C4B31AEAB650}.Debug|Any CPU.Build.0 = Debug|Any CPU
		{97A4B098-EA10-4FB3-912E-C4B31AEAB650}.Release|Any CPU.ActiveCfg = Release|Any CPU
		{97A4B098-EA10-4FB3-912E-C4B31AEAB650}.Release|Any CPU.Build.0 = Release|Any CPU
		{A8F16AF1-A9E7-46EC-B124-69E52AF8952E}.Debug|Any CPU.ActiveCfg = Debug|Any CPU
		{A8F16AF1-A9E7-46EC-B124-69E52AF8952E}.Debug|Any CPU.Build.0 = Debug|Any CPU
		{A8F16AF1-A9E7-46EC-B124-69E52AF8952E}.Release|Any CPU.ActiveCfg = Release|Any CPU
		{A8F16AF1-A9E7-46EC-B124-69E52AF8952E}.Release|Any CPU.Build.0 = Release|Any CPU
	EndGlobalSection
EndGlobal
